PODS:
  - Cosmos (22.1.0)
  - IQKeyboardManager (6.5.5)
  - Kingfisher (5.14.1):
    - Kingfisher/Core (= 5.14.1)
  - Kingfisher/Core (5.14.1)
  - MBProgressHUD (1.2.0)
  - PaginatedTableView (1.0.1)
  - Realm (5.3.3):
    - Realm/Headers (= 5.3.3)
  - Realm/Headers (5.3.3)
  - RealmSwift (5.3.3):
    - Realm (= 5.3.3)
  - SwiftLint (0.40.0)

DEPENDENCIES:
  - Cosmos (~> 22.1)
  - IQKeyboardManager
  - Kingfisher (~> 5.14)
  - MBProgressHUD (~> 1.2.0)
  - PaginatedTableView
  - RealmSwift
  - SwiftLint

SPEC REPOS:
  trunk:
    - Cosmos
    - IQKeyboardManager
    - Kingfisher
    - MBProgressHUD
    - PaginatedTableView
    - Realm
    - RealmSwift
    - SwiftLint

SPEC CHECKSUMS:
  Cosmos: 2795b36ad4bbea1af3050d6d65576ed63875f86a
  IQKeyboardManager: 3a8b9e603f8b0eeaf5f096a1f2b2cfcf121992ef
  Kingfisher: 8050bc6f7f68cbf3908bd04df7ccbac188f6d6d6
  MBProgressHUD: 3ee5efcc380f6a79a7cc9b363dd669c5e1ae7406
  PaginatedTableView: 294d9831d5ddf5c0dcfbb4a281d4fcfb8d12f55a
  Realm: 2d57ea355bf8ca2a0964d6bfb38d28d7ff2addf6
  RealmSwift: 0a709536ecea30eea1d3c514f6ade2ed078dee3c
  SwiftLint: 4154893c73a4c52d6240195507eb7a3e3c64087e

PODFILE CHECKSUM: a93705948d22551b1ee890efaa208d363ade4f88

COCOAPODS: 1.9.3
