PODS:
  - Cosmos (22.1.0)
  - IQKeyboardManager (6.5.5)
  - Kingfisher (5.14.1):
    - Kingfisher/Core (= 5.14.1)
  - Kingfisher/Core (5.14.1)
  - MBProgressHUD (1.2.0)
  - PaginatedTableView (1.0.1)
  - SwiftLint (0.40.0)

DEPENDENCIES:
  - Cosmos (~> 22.1)
  - IQKeyboardManager
  - Kingfisher (~> 5.14)
  - MBProgressHUD (~> 1.2.0)
  - PaginatedTableView
  - SwiftLint

SPEC REPOS:
  trunk:
    - Cosmos
    - IQKeyboardManager
    - Kingfisher
    - MBProgressHUD
    - PaginatedTableView
    - SwiftLint

SPEC CHECKSUMS:
  Cosmos: 2795b36ad4bbea1af3050d6d65576ed63875f86a
  IQKeyboardManager: 3a8b9e603f8b0eeaf5f096a1f2b2cfcf121992ef
  Kingfisher: 8050bc6f7f68cbf3908bd04df7ccbac188f6d6d6
  MBProgressHUD: 3ee5efcc380f6a79a7cc9b363dd669c5e1ae7406
  PaginatedTableView: 294d9831d5ddf5c0dcfbb4a281d4fcfb8d12f55a
  SwiftLint: 4154893c73a4c52d6240195507eb7a3e3c64087e

PODFILE CHECKSUM: edbddd4e03d2f0963166fb51feaf303bd7ed3bd4

COCOAPODS: 1.9.3
